
Microsoft Visual Studio Solution File, Format Version 11.00
# Visual Studio 2010
Project("{FAE04EC0-301F-11D3-BF4B-00C04F79EFBC}") = "AutomationFramework", "AutomationFramework\AutomationFramework\AutomationFramework.csproj", "{62AFF3C4-1BFB-4207-AB53-56B7385464F7}"
EndProject
Project("{FAE04EC0-301F-11D3-BF4B-00C04F79EFBC}") = "AutomationFramework.Application.Selenium", "AutomationFramework\AutomationFramework.Application.Selenium\AutomationFramework.Application.Selenium.csproj", "{892326C5-DDD2-4DA0-B879-95DB70AE7516}"
EndProject
Project("{FAE04EC0-301F-11D3-BF4B-00C04F79EFBC}") = "AutomationFramework.Data", "AutomationFramework\AutomationFramework.Data\AutomationFramework.Data.csproj", "{FAFBE232-6F25-4C9E-81AF-33B34FE4C55A}"
EndProject
Project("{FAE04EC0-301F-11D3-BF4B-00C04F79EFBC}") = "AutomationFramework.Email", "AutomationFramework\AutomationFramework.Email\AutomationFramework.Email.csproj", "{ED32BB41-C4A4-4953-B0BD-DA7961251208}"
EndProject
Project("{FAE04EC0-301F-11D3-BF4B-00C04F79EFBC}") = "AutomationFramework.Persistence", "AutomationFramework\AutomationFramework.Persistence\AutomationFramework.Persistence.csproj", "{8DE4EB5B-D2D4-412C-B9CB-49A15C5802E5}"
EndProject
Project("{FAE04EC0-301F-11D3-BF4B-00C04F79EFBC}") = "AutomationFramework.Reporting", "AutomationFramework\AutomationFramework.Reporting\AutomationFramework.Reporting.csproj", "{4C44A73A-E50A-48B9-8A87-89BC5FFD0CA2}"
EndProject
Project("{FAE04EC0-301F-11D3-BF4B-00C04F79EFBC}") = "AutomationFramework.Reporting.Implementations", "AutomationFramework\AutomationFramework.Reporting.Implementations\AutomationFramework.Reporting.Implementations.csproj", "{0026FB79-4F7B-47E0-8F26-61C66CD11B49}"
EndProject
Project("{FAE04EC0-301F-11D3-BF4B-00C04F79EFBC}") = "AutomationFramework.SpiraTest", "AutomationFramework\AutomationFramework.SpiraTest\AutomationFramework.SpiraTest.csproj", "{219EBA7A-AF5B-4557-8419-5072A6EF6E0E}"
EndProject
Project("{FAE04EC0-301F-11D3-BF4B-00C04F79EFBC}") = "AutomationFramework.Tests", "AutomationFramework\AutomationFramework.Tests\AutomationFramework.Tests.csproj", "{60DDD8B2-36D8-4221-A8CF-D97BC7A0C1EA}"
EndProject
Project("{FAE04EC0-301F-11D3-BF4B-00C04F79EFBC}") = "AutomationFramework.Utilities", "AutomationFramework\AutomationFramework.Utilities\AutomationFramework.Utilities.csproj", "{0BEB0A94-CF68-4E9B-9B50-4544AD0C52A3}"
EndProject
Project("{FAE04EC0-301F-11D3-BF4B-00C04F79EFBC}") = "AutomationFramework.Application.WatiN", "AutomationFramework\AutomationFramework.Application.WaitN\AutomationFramework.Application.WatiN.csproj", "{61D7264B-2B99-4C96-8775-61E37C13E351}"
EndProject
Project("{FAE04EC0-301F-11D3-BF4B-00C04F79EFBC}") = "WJIV.App.Interfaces", "WJIV.AllProjects\WJIV.App.Interfaces\WJIV.App.Interfaces.csproj", "{B02F2656-2D6C-4A40-845A-F2BEDE24E352}"
EndProject
Project("{FAE04EC0-301F-11D3-BF4B-00C04F79EFBC}") = "WJIV.Application.Base", "WJIV.Application.Base\WJIV.Application.Base.csproj", "{8D0828AD-7FCA-4830-A156-90F7E2D0EC7C}"
EndProject
Project("{FAE04EC0-301F-11D3-BF4B-00C04F79EFBC}") = "AutomationFramework.NonExchangeEmail", "AutomationFramework\AutomationFramework.NonExchangeEmail\AutomationFramework.NonExchangeEmail.csproj", "{58C95EE3-D4CD-44B7-9870-03A9BE5E9EA2}"
EndProject
Project("{FAE04EC0-301F-11D3-BF4B-00C04F79EFBC}") = "WJIV.Application.Selenium", "WJIV.Application.Selenium\WJIV.Application.Selenium.csproj", "{C256497E-8BBD-468E-B925-8FB9219FF523}"
EndProject
Project("{FAE04EC0-301F-11D3-BF4B-00C04F79EFBC}") = "WJIV.Tests.AllProjects", "WJIV.AllProjects\WJIV.Tests.AllProjects.csproj", "{4B62A838-55FE-4836-9A33-46292F177CC0}"
EndProject
Project("{FAE04EC0-301F-11D3-BF4B-00C04F79EFBC}") = "WJIV.Files", "WJIV.Files\WJIV.Files.csproj", "{7DBC2ABE-5248-464E-856A-B652614AAFBB}"
EndProject
Project("{FAE04EC0-301F-11D3-BF4B-00C04F79EFBC}") = "WJIV.Unit.Tests", "WJIV.Unit.Tests\WJIV.Unit.Tests.csproj", "{5E0D7B1B-EC45-424E-B837-8923BA3FFC20}"
EndProject
Project("{2150E333-8FDC-42A3-9474-1A3956D46DE8}") = "Solution Items", "Solution Items", "{0BDDA318-B99E-4B81-9C63-F5D9ADB9B422}"
EndProject
Global
	GlobalSection(SolutionConfigurationPlatforms) = preSolution
		Debug|Any CPU = Debug|Any CPU
		Debug|Mixed Platforms = Debug|Mixed Platforms
		Debug|x86 = Debug|x86
		Release|Any CPU = Release|Any CPU
		Release|Mixed Platforms = Release|Mixed Platforms
		Release|x86 = Release|x86
		SpiraTest|Any CPU = SpiraTest|Any CPU
		SpiraTest|Mixed Platforms = SpiraTest|Mixed Platforms
		SpiraTest|x86 = SpiraTest|x86
	EndGlobalSection
	GlobalSection(ProjectConfigurationPlatforms) = postSolution
		{62AFF3C4-1BFB-4207-AB53-56B7385464F7}.Debug|Any CPU.ActiveCfg = Debug|Any CPU
		{62AFF3C4-1BFB-4207-AB53-56B7385464F7}.Debug|Any CPU.Build.0 = Debug|Any CPU
		{62AFF3C4-1BFB-4207-AB53-56B7385464F7}.Debug|Mixed Platforms.ActiveCfg = Debug|Any CPU
		{62AFF3C4-1BFB-4207-AB53-56B7385464F7}.Debug|Mixed Platforms.Build.0 = Debug|Any CPU
		{62AFF3C4-1BFB-4207-AB53-56B7385464F7}.Debug|x86.ActiveCfg = Debug|Any CPU
		{62AFF3C4-1BFB-4207-AB53-56B7385464F7}.Release|Any CPU.ActiveCfg = Release|Any CPU
		{62AFF3C4-1BFB-4207-AB53-56B7385464F7}.Release|Any CPU.Build.0 = Release|Any CPU
		{62AFF3C4-1BFB-4207-AB53-56B7385464F7}.Release|Mixed Platforms.ActiveCfg = Release|Any CPU
		{62AFF3C4-1BFB-4207-AB53-56B7385464F7}.Release|Mixed Platforms.Build.0 = Release|Any CPU
		{62AFF3C4-1BFB-4207-AB53-56B7385464F7}.Release|x86.ActiveCfg = Release|Any CPU
		{62AFF3C4-1BFB-4207-AB53-56B7385464F7}.SpiraTest|Any CPU.ActiveCfg = SpiraTest|Any CPU
		{62AFF3C4-1BFB-4207-AB53-56B7385464F7}.SpiraTest|Any CPU.Build.0 = SpiraTest|Any CPU
		{62AFF3C4-1BFB-4207-AB53-56B7385464F7}.SpiraTest|Mixed Platforms.ActiveCfg = SpiraTest|Any CPU
		{62AFF3C4-1BFB-4207-AB53-56B7385464F7}.SpiraTest|Mixed Platforms.Build.0 = SpiraTest|Any CPU
		{62AFF3C4-1BFB-4207-AB53-56B7385464F7}.SpiraTest|x86.ActiveCfg = SpiraTest|Any CPU
		{892326C5-DDD2-4DA0-B879-95DB70AE7516}.Debug|Any CPU.ActiveCfg = Debug|Any CPU
		{892326C5-DDD2-4DA0-B879-95DB70AE7516}.Debug|Any CPU.Build.0 = Debug|Any CPU
		{892326C5-DDD2-4DA0-B879-95DB70AE7516}.Debug|Mixed Platforms.ActiveCfg = Debug|Any CPU
		{892326C5-DDD2-4DA0-B879-95DB70AE7516}.Debug|Mixed Platforms.Build.0 = Debug|Any CPU
		{892326C5-DDD2-4DA0-B879-95DB70AE7516}.Debug|x86.ActiveCfg = Debug|Any CPU
		{892326C5-DDD2-4DA0-B879-95DB70AE7516}.Release|Any CPU.ActiveCfg = Release|Any CPU
		{892326C5-DDD2-4DA0-B879-95DB70AE7516}.Release|Any CPU.Build.0 = Release|Any CPU
		{892326C5-DDD2-4DA0-B879-95DB70AE7516}.Release|Mixed Platforms.ActiveCfg = Release|Any CPU
		{892326C5-DDD2-4DA0-B879-95DB70AE7516}.Release|Mixed Platforms.Build.0 = Release|Any CPU
		{892326C5-DDD2-4DA0-B879-95DB70AE7516}.Release|x86.ActiveCfg = Release|Any CPU
		{892326C5-DDD2-4DA0-B879-95DB70AE7516}.SpiraTest|Any CPU.ActiveCfg = Release|Any CPU
		{892326C5-DDD2-4DA0-B879-95DB70AE7516}.SpiraTest|Any CPU.Build.0 = Release|Any CPU
		{892326C5-DDD2-4DA0-B879-95DB70AE7516}.SpiraTest|Mixed Platforms.ActiveCfg = Release|Any CPU
		{892326C5-DDD2-4DA0-B879-95DB70AE7516}.SpiraTest|Mixed Platforms.Build.0 = Release|Any CPU
		{892326C5-DDD2-4DA0-B879-95DB70AE7516}.SpiraTest|x86.ActiveCfg = Release|Any CPU
		{FAFBE232-6F25-4C9E-81AF-33B34FE4C55A}.Debug|Any CPU.ActiveCfg = Debug|Any CPU
		{FAFBE232-6F25-4C9E-81AF-33B34FE4C55A}.Debug|Any CPU.Build.0 = Debug|Any CPU
		{FAFBE232-6F25-4C9E-81AF-33B34FE4C55A}.Debug|Mixed Platforms.ActiveCfg = Debug|Any CPU
		{FAFBE232-6F25-4C9E-81AF-33B34FE4C55A}.Debug|Mixed Platforms.Build.0 = Debug|Any CPU
		{FAFBE232-6F25-4C9E-81AF-33B34FE4C55A}.Debug|x86.ActiveCfg = Debug|Any CPU
		{FAFBE232-6F25-4C9E-81AF-33B34FE4C55A}.Release|Any CPU.ActiveCfg = Release|Any CPU
		{FAFBE232-6F25-4C9E-81AF-33B34FE4C55A}.Release|Any CPU.Build.0 = Release|Any CPU
		{FAFBE232-6F25-4C9E-81AF-33B34FE4C55A}.Release|Mixed Platforms.ActiveCfg = Release|Any CPU
		{FAFBE232-6F25-4C9E-81AF-33B34FE4C55A}.Release|Mixed Platforms.Build.0 = Release|Any CPU
		{FAFBE232-6F25-4C9E-81AF-33B34FE4C55A}.Release|x86.ActiveCfg = Release|Any CPU
		{FAFBE232-6F25-4C9E-81AF-33B34FE4C55A}.SpiraTest|Any CPU.ActiveCfg = SpiraTest|Any CPU
		{FAFBE232-6F25-4C9E-81AF-33B34FE4C55A}.SpiraTest|Any CPU.Build.0 = SpiraTest|Any CPU
		{FAFBE232-6F25-4C9E-81AF-33B34FE4C55A}.SpiraTest|Mixed Platforms.ActiveCfg = SpiraTest|Any CPU
		{FAFBE232-6F25-4C9E-81AF-33B34FE4C55A}.SpiraTest|Mixed Platforms.Build.0 = SpiraTest|Any CPU
		{FAFBE232-6F25-4C9E-81AF-33B34FE4C55A}.SpiraTest|x86.ActiveCfg = SpiraTest|Any CPU
		{ED32BB41-C4A4-4953-B0BD-DA7961251208}.Debug|Any CPU.ActiveCfg = Debug|Any CPU
		{ED32BB41-C4A4-4953-B0BD-DA7961251208}.Debug|Any CPU.Build.0 = Debug|Any CPU
		{ED32BB41-C4A4-4953-B0BD-DA7961251208}.Debug|Mixed Platforms.ActiveCfg = Debug|Any CPU
		{ED32BB41-C4A4-4953-B0BD-DA7961251208}.Debug|Mixed Platforms.Build.0 = Debug|Any CPU
		{ED32BB41-C4A4-4953-B0BD-DA7961251208}.Debug|x86.ActiveCfg = Debug|Any CPU
		{ED32BB41-C4A4-4953-B0BD-DA7961251208}.Release|Any CPU.ActiveCfg = Release|Any CPU
		{ED32BB41-C4A4-4953-B0BD-DA7961251208}.Release|Any CPU.Build.0 = Release|Any CPU
		{ED32BB41-C4A4-4953-B0BD-DA7961251208}.Release|Mixed Platforms.ActiveCfg = Release|Any CPU
		{ED32BB41-C4A4-4953-B0BD-DA7961251208}.Release|Mixed Platforms.Build.0 = Release|Any CPU
		{ED32BB41-C4A4-4953-B0BD-DA7961251208}.Release|x86.ActiveCfg = Release|Any CPU
		{ED32BB41-C4A4-4953-B0BD-DA7961251208}.SpiraTest|Any CPU.ActiveCfg = Release|Any CPU
		{ED32BB41-C4A4-4953-B0BD-DA7961251208}.SpiraTest|Any CPU.Build.0 = Release|Any CPU
		{ED32BB41-C4A4-4953-B0BD-DA7961251208}.SpiraTest|Mixed Platforms.ActiveCfg = Release|Any CPU
		{ED32BB41-C4A4-4953-B0BD-DA7961251208}.SpiraTest|Mixed Platforms.Build.0 = Release|Any CPU
		{ED32BB41-C4A4-4953-B0BD-DA7961251208}.SpiraTest|x86.ActiveCfg = Release|Any CPU
		{8DE4EB5B-D2D4-412C-B9CB-49A15C5802E5}.Debug|Any CPU.ActiveCfg = Debug|Any CPU
		{8DE4EB5B-D2D4-412C-B9CB-49A15C5802E5}.Debug|Any CPU.Build.0 = Debug|Any CPU
		{8DE4EB5B-D2D4-412C-B9CB-49A15C5802E5}.Debug|Mixed Platforms.ActiveCfg = Debug|Any CPU
		{8DE4EB5B-D2D4-412C-B9CB-49A15C5802E5}.Debug|Mixed Platforms.Build.0 = Debug|Any CPU
		{8DE4EB5B-D2D4-412C-B9CB-49A15C5802E5}.Debug|x86.ActiveCfg = Debug|Any CPU
		{8DE4EB5B-D2D4-412C-B9CB-49A15C5802E5}.Release|Any CPU.ActiveCfg = Release|Any CPU
		{8DE4EB5B-D2D4-412C-B9CB-49A15C5802E5}.Release|Any CPU.Build.0 = Release|Any CPU
		{8DE4EB5B-D2D4-412C-B9CB-49A15C5802E5}.Release|Mixed Platforms.ActiveCfg = Release|Any CPU
		{8DE4EB5B-D2D4-412C-B9CB-49A15C5802E5}.Release|Mixed Platforms.Build.0 = Release|Any CPU
		{8DE4EB5B-D2D4-412C-B9CB-49A15C5802E5}.Release|x86.ActiveCfg = Release|Any CPU
		{8DE4EB5B-D2D4-412C-B9CB-49A15C5802E5}.SpiraTest|Any CPU.ActiveCfg = Release|Any CPU
		{8DE4EB5B-D2D4-412C-B9CB-49A15C5802E5}.SpiraTest|Any CPU.Build.0 = Release|Any CPU
		{8DE4EB5B-D2D4-412C-B9CB-49A15C5802E5}.SpiraTest|Mixed Platforms.ActiveCfg = Release|Any CPU
		{8DE4EB5B-D2D4-412C-B9CB-49A15C5802E5}.SpiraTest|Mixed Platforms.Build.0 = Release|Any CPU
		{8DE4EB5B-D2D4-412C-B9CB-49A15C5802E5}.SpiraTest|x86.ActiveCfg = Release|Any CPU
		{4C44A73A-E50A-48B9-8A87-89BC5FFD0CA2}.Debug|Any CPU.ActiveCfg = Debug|Any CPU
		{4C44A73A-E50A-48B9-8A87-89BC5FFD0CA2}.Debug|Any CPU.Build.0 = Debug|Any CPU
		{4C44A73A-E50A-48B9-8A87-89BC5FFD0CA2}.Debug|Mixed Platforms.ActiveCfg = Debug|Any CPU
		{4C44A73A-E50A-48B9-8A87-89BC5FFD0CA2}.Debug|Mixed Platforms.Build.0 = Debug|Any CPU
		{4C44A73A-E50A-48B9-8A87-89BC5FFD0CA2}.Debug|x86.ActiveCfg = Debug|Any CPU
		{4C44A73A-E50A-48B9-8A87-89BC5FFD0CA2}.Release|Any CPU.ActiveCfg = Release|Any CPU
		{4C44A73A-E50A-48B9-8A87-89BC5FFD0CA2}.Release|Any CPU.Build.0 = Release|Any CPU
		{4C44A73A-E50A-48B9-8A87-89BC5FFD0CA2}.Release|Mixed Platforms.ActiveCfg = Release|Any CPU
		{4C44A73A-E50A-48B9-8A87-89BC5FFD0CA2}.Release|Mixed Platforms.Build.0 = Release|Any CPU
		{4C44A73A-E50A-48B9-8A87-89BC5FFD0CA2}.Release|x86.ActiveCfg = Release|Any CPU
		{4C44A73A-E50A-48B9-8A87-89BC5FFD0CA2}.SpiraTest|Any CPU.ActiveCfg = Release|Any CPU
		{4C44A73A-E50A-48B9-8A87-89BC5FFD0CA2}.SpiraTest|Any CPU.Build.0 = Release|Any CPU
		{4C44A73A-E50A-48B9-8A87-89BC5FFD0CA2}.SpiraTest|Mixed Platforms.ActiveCfg = Release|Any CPU
		{4C44A73A-E50A-48B9-8A87-89BC5FFD0CA2}.SpiraTest|Mixed Platforms.Build.0 = Release|Any CPU
		{4C44A73A-E50A-48B9-8A87-89BC5FFD0CA2}.SpiraTest|x86.ActiveCfg = Release|Any CPU
		{0026FB79-4F7B-47E0-8F26-61C66CD11B49}.Debug|Any CPU.ActiveCfg = Debug|Any CPU
		{0026FB79-4F7B-47E0-8F26-61C66CD11B49}.Debug|Any CPU.Build.0 = Debug|Any CPU
		{0026FB79-4F7B-47E0-8F26-61C66CD11B49}.Debug|Mixed Platforms.ActiveCfg = Debug|Any CPU
		{0026FB79-4F7B-47E0-8F26-61C66CD11B49}.Debug|Mixed Platforms.Build.0 = Debug|Any CPU
		{0026FB79-4F7B-47E0-8F26-61C66CD11B49}.Debug|x86.ActiveCfg = Debug|Any CPU
		{0026FB79-4F7B-47E0-8F26-61C66CD11B49}.Release|Any CPU.ActiveCfg = Release|Any CPU
		{0026FB79-4F7B-47E0-8F26-61C66CD11B49}.Release|Any CPU.Build.0 = Release|Any CPU
		{0026FB79-4F7B-47E0-8F26-61C66CD11B49}.Release|Mixed Platforms.ActiveCfg = Release|Any CPU
		{0026FB79-4F7B-47E0-8F26-61C66CD11B49}.Release|Mixed Platforms.Build.0 = Release|Any CPU
		{0026FB79-4F7B-47E0-8F26-61C66CD11B49}.Release|x86.ActiveCfg = Release|Any CPU
		{0026FB79-4F7B-47E0-8F26-61C66CD11B49}.SpiraTest|Any CPU.ActiveCfg = Release|Any CPU
		{0026FB79-4F7B-47E0-8F26-61C66CD11B49}.SpiraTest|Any CPU.Build.0 = Release|Any CPU
		{0026FB79-4F7B-47E0-8F26-61C66CD11B49}.SpiraTest|Mixed Platforms.ActiveCfg = Release|Any CPU
		{0026FB79-4F7B-47E0-8F26-61C66CD11B49}.SpiraTest|Mixed Platforms.Build.0 = Release|Any CPU
		{0026FB79-4F7B-47E0-8F26-61C66CD11B49}.SpiraTest|x86.ActiveCfg = Release|Any CPU
		{219EBA7A-AF5B-4557-8419-5072A6EF6E0E}.Debug|Any CPU.ActiveCfg = Debug|Any CPU
		{219EBA7A-AF5B-4557-8419-5072A6EF6E0E}.Debug|Any CPU.Build.0 = Debug|Any CPU
		{219EBA7A-AF5B-4557-8419-5072A6EF6E0E}.Debug|Mixed Platforms.ActiveCfg = Debug|Any CPU
		{219EBA7A-AF5B-4557-8419-5072A6EF6E0E}.Debug|Mixed Platforms.Build.0 = Debug|Any CPU
		{219EBA7A-AF5B-4557-8419-5072A6EF6E0E}.Debug|x86.ActiveCfg = Debug|Any CPU
		{219EBA7A-AF5B-4557-8419-5072A6EF6E0E}.Release|Any CPU.ActiveCfg = Release|Any CPU
		{219EBA7A-AF5B-4557-8419-5072A6EF6E0E}.Release|Any CPU.Build.0 = Release|Any CPU
		{219EBA7A-AF5B-4557-8419-5072A6EF6E0E}.Release|Mixed Platforms.ActiveCfg = Release|Any CPU
		{219EBA7A-AF5B-4557-8419-5072A6EF6E0E}.Release|Mixed Platforms.Build.0 = Release|Any CPU
		{219EBA7A-AF5B-4557-8419-5072A6EF6E0E}.Release|x86.ActiveCfg = Release|Any CPU
		{219EBA7A-AF5B-4557-8419-5072A6EF6E0E}.SpiraTest|Any CPU.ActiveCfg = Release|Any CPU
		{219EBA7A-AF5B-4557-8419-5072A6EF6E0E}.SpiraTest|Any CPU.Build.0 = Release|Any CPU
		{219EBA7A-AF5B-4557-8419-5072A6EF6E0E}.SpiraTest|Mixed Platforms.ActiveCfg = Release|Any CPU
		{219EBA7A-AF5B-4557-8419-5072A6EF6E0E}.SpiraTest|Mixed Platforms.Build.0 = Release|Any CPU
		{219EBA7A-AF5B-4557-8419-5072A6EF6E0E}.SpiraTest|x86.ActiveCfg = Release|Any CPU
		{60DDD8B2-36D8-4221-A8CF-D97BC7A0C1EA}.Debug|Any CPU.ActiveCfg = Debug|Any CPU
		{60DDD8B2-36D8-4221-A8CF-D97BC7A0C1EA}.Debug|Any CPU.Build.0 = Debug|Any CPU
		{60DDD8B2-36D8-4221-A8CF-D97BC7A0C1EA}.Debug|Mixed Platforms.ActiveCfg = Debug|Any CPU
		{60DDD8B2-36D8-4221-A8CF-D97BC7A0C1EA}.Debug|Mixed Platforms.Build.0 = Debug|Any CPU
		{60DDD8B2-36D8-4221-A8CF-D97BC7A0C1EA}.Debug|x86.ActiveCfg = Debug|Any CPU
		{60DDD8B2-36D8-4221-A8CF-D97BC7A0C1EA}.Release|Any CPU.ActiveCfg = Release|Any CPU
		{60DDD8B2-36D8-4221-A8CF-D97BC7A0C1EA}.Release|Any CPU.Build.0 = Release|Any CPU
		{60DDD8B2-36D8-4221-A8CF-D97BC7A0C1EA}.Release|Mixed Platforms.ActiveCfg = Release|Any CPU
		{60DDD8B2-36D8-4221-A8CF-D97BC7A0C1EA}.Release|Mixed Platforms.Build.0 = Release|Any CPU
		{60DDD8B2-36D8-4221-A8CF-D97BC7A0C1EA}.Release|x86.ActiveCfg = Release|Any CPU
		{60DDD8B2-36D8-4221-A8CF-D97BC7A0C1EA}.SpiraTest|Any CPU.ActiveCfg = SpiraTest|Any CPU
		{60DDD8B2-36D8-4221-A8CF-D97BC7A0C1EA}.SpiraTest|Any CPU.Build.0 = SpiraTest|Any CPU
		{60DDD8B2-36D8-4221-A8CF-D97BC7A0C1EA}.SpiraTest|Mixed Platforms.ActiveCfg = SpiraTest|Any CPU
		{60DDD8B2-36D8-4221-A8CF-D97BC7A0C1EA}.SpiraTest|Mixed Platforms.Build.0 = SpiraTest|Any CPU
		{60DDD8B2-36D8-4221-A8CF-D97BC7A0C1EA}.SpiraTest|x86.ActiveCfg = SpiraTest|Any CPU
		{0BEB0A94-CF68-4E9B-9B50-4544AD0C52A3}.Debug|Any CPU.ActiveCfg = Debug|Any CPU
		{0BEB0A94-CF68-4E9B-9B50-4544AD0C52A3}.Debug|Any CPU.Build.0 = Debug|Any CPU
		{0BEB0A94-CF68-4E9B-9B50-4544AD0C52A3}.Debug|Mixed Platforms.ActiveCfg = Debug|Any CPU
		{0BEB0A94-CF68-4E9B-9B50-4544AD0C52A3}.Debug|Mixed Platforms.Build.0 = Debug|Any CPU
		{0BEB0A94-CF68-4E9B-9B50-4544AD0C52A3}.Debug|x86.ActiveCfg = Debug|Any CPU
		{0BEB0A94-CF68-4E9B-9B50-4544AD0C52A3}.Release|Any CPU.ActiveCfg = Release|Any CPU
		{0BEB0A94-CF68-4E9B-9B50-4544AD0C52A3}.Release|Any CPU.Build.0 = Release|Any CPU
		{0BEB0A94-CF68-4E9B-9B50-4544AD0C52A3}.Release|Mixed Platforms.ActiveCfg = Release|Any CPU
		{0BEB0A94-CF68-4E9B-9B50-4544AD0C52A3}.Release|Mixed Platforms.Build.0 = Release|Any CPU
		{0BEB0A94-CF68-4E9B-9B50-4544AD0C52A3}.Release|x86.ActiveCfg = Release|Any CPU
		{0BEB0A94-CF68-4E9B-9B50-4544AD0C52A3}.SpiraTest|Any CPU.ActiveCfg = SpiraTest|Any CPU
		{0BEB0A94-CF68-4E9B-9B50-4544AD0C52A3}.SpiraTest|Any CPU.Build.0 = SpiraTest|Any CPU
		{0BEB0A94-CF68-4E9B-9B50-4544AD0C52A3}.SpiraTest|Mixed Platforms.ActiveCfg = SpiraTest|Any CPU
		{0BEB0A94-CF68-4E9B-9B50-4544AD0C52A3}.SpiraTest|Mixed Platforms.Build.0 = SpiraTest|Any CPU
		{0BEB0A94-CF68-4E9B-9B50-4544AD0C52A3}.SpiraTest|x86.ActiveCfg = SpiraTest|Any CPU
		{61D7264B-2B99-4C96-8775-61E37C13E351}.Debug|Any CPU.ActiveCfg = Debug|Any CPU
		{61D7264B-2B99-4C96-8775-61E37C13E351}.Debug|Any CPU.Build.0 = Debug|Any CPU
		{61D7264B-2B99-4C96-8775-61E37C13E351}.Debug|Mixed Platforms.ActiveCfg = Debug|Any CPU
		{61D7264B-2B99-4C96-8775-61E37C13E351}.Debug|Mixed Platforms.Build.0 = Debug|Any CPU
		{61D7264B-2B99-4C96-8775-61E37C13E351}.Debug|x86.ActiveCfg = Debug|Any CPU
		{61D7264B-2B99-4C96-8775-61E37C13E351}.Release|Any CPU.ActiveCfg = Release|Any CPU
		{61D7264B-2B99-4C96-8775-61E37C13E351}.Release|Any CPU.Build.0 = Release|Any CPU
		{61D7264B-2B99-4C96-8775-61E37C13E351}.Release|Mixed Platforms.ActiveCfg = Release|Any CPU
		{61D7264B-2B99-4C96-8775-61E37C13E351}.Release|Mixed Platforms.Build.0 = Release|Any CPU
		{61D7264B-2B99-4C96-8775-61E37C13E351}.Release|x86.ActiveCfg = Release|Any CPU
		{61D7264B-2B99-4C96-8775-61E37C13E351}.SpiraTest|Any CPU.ActiveCfg = SpiraTest|Any CPU
		{61D7264B-2B99-4C96-8775-61E37C13E351}.SpiraTest|Any CPU.Build.0 = SpiraTest|Any CPU
		{61D7264B-2B99-4C96-8775-61E37C13E351}.SpiraTest|Mixed Platforms.ActiveCfg = SpiraTest|Any CPU
		{61D7264B-2B99-4C96-8775-61E37C13E351}.SpiraTest|Mixed Platforms.Build.0 = SpiraTest|Any CPU
		{61D7264B-2B99-4C96-8775-61E37C13E351}.SpiraTest|x86.ActiveCfg = SpiraTest|Any CPU
		{B02F2656-2D6C-4A40-845A-F2BEDE24E352}.Debug|Any CPU.ActiveCfg = Debug|Any CPU
		{B02F2656-2D6C-4A40-845A-F2BEDE24E352}.Debug|Any CPU.Build.0 = Debug|Any CPU
		{B02F2656-2D6C-4A40-845A-F2BEDE24E352}.Debug|Mixed Platforms.ActiveCfg = Debug|Any CPU
		{B02F2656-2D6C-4A40-845A-F2BEDE24E352}.Debug|Mixed Platforms.Build.0 = Debug|Any CPU
		{B02F2656-2D6C-4A40-845A-F2BEDE24E352}.Debug|x86.ActiveCfg = Debug|Any CPU
		{B02F2656-2D6C-4A40-845A-F2BEDE24E352}.Release|Any CPU.ActiveCfg = Release|Any CPU
		{B02F2656-2D6C-4A40-845A-F2BEDE24E352}.Release|Any CPU.Build.0 = Release|Any CPU
		{B02F2656-2D6C-4A40-845A-F2BEDE24E352}.Release|Mixed Platforms.ActiveCfg = Release|Any CPU
		{B02F2656-2D6C-4A40-845A-F2BEDE24E352}.Release|Mixed Platforms.Build.0 = Release|Any CPU
		{B02F2656-2D6C-4A40-845A-F2BEDE24E352}.Release|x86.ActiveCfg = Release|Any CPU
		{B02F2656-2D6C-4A40-845A-F2BEDE24E352}.SpiraTest|Any CPU.ActiveCfg = Release|Any CPU
		{B02F2656-2D6C-4A40-845A-F2BEDE24E352}.SpiraTest|Any CPU.Build.0 = Release|Any CPU
		{B02F2656-2D6C-4A40-845A-F2BEDE24E352}.SpiraTest|Mixed Platforms.ActiveCfg = Release|Any CPU
		{B02F2656-2D6C-4A40-845A-F2BEDE24E352}.SpiraTest|Mixed Platforms.Build.0 = Release|Any CPU
		{B02F2656-2D6C-4A40-845A-F2BEDE24E352}.SpiraTest|x86.ActiveCfg = Release|Any CPU
		{8D0828AD-7FCA-4830-A156-90F7E2D0EC7C}.Debug|Any CPU.ActiveCfg = Debug|Any CPU
		{8D0828AD-7FCA-4830-A156-90F7E2D0EC7C}.Debug|Any CPU.Build.0 = Debug|Any CPU
		{8D0828AD-7FCA-4830-A156-90F7E2D0EC7C}.Debug|Mixed Platforms.ActiveCfg = Debug|Any CPU
		{8D0828AD-7FCA-4830-A156-90F7E2D0EC7C}.Debug|Mixed Platforms.Build.0 = Debug|Any CPU
		{8D0828AD-7FCA-4830-A156-90F7E2D0EC7C}.Debug|x86.ActiveCfg = Debug|Any CPU
		{8D0828AD-7FCA-4830-A156-90F7E2D0EC7C}.Release|Any CPU.ActiveCfg = Release|Any CPU
		{8D0828AD-7FCA-4830-A156-90F7E2D0EC7C}.Release|Any CPU.Build.0 = Release|Any CPU
		{8D0828AD-7FCA-4830-A156-90F7E2D0EC7C}.Release|Mixed Platforms.ActiveCfg = Release|Any CPU
		{8D0828AD-7FCA-4830-A156-90F7E2D0EC7C}.Release|Mixed Platforms.Build.0 = Release|Any CPU
		{8D0828AD-7FCA-4830-A156-90F7E2D0EC7C}.Release|x86.ActiveCfg = Release|Any CPU
		{8D0828AD-7FCA-4830-A156-90F7E2D0EC7C}.SpiraTest|Any CPU.ActiveCfg = Release|Any CPU
		{8D0828AD-7FCA-4830-A156-90F7E2D0EC7C}.SpiraTest|Any CPU.Build.0 = Release|Any CPU
		{8D0828AD-7FCA-4830-A156-90F7E2D0EC7C}.SpiraTest|Mixed Platforms.ActiveCfg = Release|Any CPU
		{8D0828AD-7FCA-4830-A156-90F7E2D0EC7C}.SpiraTest|Mixed Platforms.Build.0 = Release|Any CPU
		{8D0828AD-7FCA-4830-A156-90F7E2D0EC7C}.SpiraTest|x86.ActiveCfg = Release|Any CPU
		{58C95EE3-D4CD-44B7-9870-03A9BE5E9EA2}.Debug|Any CPU.ActiveCfg = Debug|Any CPU
		{58C95EE3-D4CD-44B7-9870-03A9BE5E9EA2}.Debug|Any CPU.Build.0 = Debug|Any CPU
		{58C95EE3-D4CD-44B7-9870-03A9BE5E9EA2}.Debug|Mixed Platforms.ActiveCfg = Debug|Any CPU
		{58C95EE3-D4CD-44B7-9870-03A9BE5E9EA2}.Debug|Mixed Platforms.Build.0 = Debug|Any CPU
		{58C95EE3-D4CD-44B7-9870-03A9BE5E9EA2}.Debug|x86.ActiveCfg = Debug|Any CPU
		{58C95EE3-D4CD-44B7-9870-03A9BE5E9EA2}.Release|Any CPU.ActiveCfg = Release|Any CPU
		{58C95EE3-D4CD-44B7-9870-03A9BE5E9EA2}.Release|Any CPU.Build.0 = Release|Any CPU
		{58C95EE3-D4CD-44B7-9870-03A9BE5E9EA2}.Release|Mixed Platforms.ActiveCfg = Release|Any CPU
		{58C95EE3-D4CD-44B7-9870-03A9BE5E9EA2}.Release|Mixed Platforms.Build.0 = Release|Any CPU
		{58C95EE3-D4CD-44B7-9870-03A9BE5E9EA2}.Release|x86.ActiveCfg = Release|Any CPU
		{58C95EE3-D4CD-44B7-9870-03A9BE5E9EA2}.SpiraTest|Any CPU.ActiveCfg = Release|Any CPU
		{58C95EE3-D4CD-44B7-9870-03A9BE5E9EA2}.SpiraTest|Any CPU.Build.0 = Release|Any CPU
		{58C95EE3-D4CD-44B7-9870-03A9BE5E9EA2}.SpiraTest|Mixed Platforms.ActiveCfg = Release|Any CPU
		{58C95EE3-D4CD-44B7-9870-03A9BE5E9EA2}.SpiraTest|Mixed Platforms.Build.0 = Release|Any CPU
		{58C95EE3-D4CD-44B7-9870-03A9BE5E9EA2}.SpiraTest|x86.ActiveCfg = Release|Any CPU
		{C256497E-8BBD-468E-B925-8FB9219FF523}.Debug|Any CPU.ActiveCfg = Debug|Any CPU
		{C256497E-8BBD-468E-B925-8FB9219FF523}.Debug|Any CPU.Build.0 = Debug|Any CPU
		{C256497E-8BBD-468E-B925-8FB9219FF523}.Debug|Mixed Platforms.ActiveCfg = Debug|Any CPU
		{C256497E-8BBD-468E-B925-8FB9219FF523}.Debug|Mixed Platforms.Build.0 = Debug|Any CPU
		{C256497E-8BBD-468E-B925-8FB9219FF523}.Debug|x86.ActiveCfg = Debug|Any CPU
		{C256497E-8BBD-468E-B925-8FB9219FF523}.Release|Any CPU.ActiveCfg = Release|Any CPU
		{C256497E-8BBD-468E-B925-8FB9219FF523}.Release|Any CPU.Build.0 = Release|Any CPU
		{C256497E-8BBD-468E-B925-8FB9219FF523}.Release|Mixed Platforms.ActiveCfg = Release|Any CPU
		{C256497E-8BBD-468E-B925-8FB9219FF523}.Release|Mixed Platforms.Build.0 = Release|Any CPU
		{C256497E-8BBD-468E-B925-8FB9219FF523}.Release|x86.ActiveCfg = Release|Any CPU
		{C256497E-8BBD-468E-B925-8FB9219FF523}.SpiraTest|Any CPU.ActiveCfg = Release|Any CPU
		{C256497E-8BBD-468E-B925-8FB9219FF523}.SpiraTest|Any CPU.Build.0 = Release|Any CPU
		{C256497E-8BBD-468E-B925-8FB9219FF523}.SpiraTest|Mixed Platforms.ActiveCfg = Release|Any CPU
		{C256497E-8BBD-468E-B925-8FB9219FF523}.SpiraTest|Mixed Platforms.Build.0 = Release|Any CPU
		{C256497E-8BBD-468E-B925-8FB9219FF523}.SpiraTest|x86.ActiveCfg = Release|Any CPU
		{4B62A838-55FE-4836-9A33-46292F177CC0}.Debug|Any CPU.ActiveCfg = Debug|Any CPU
		{4B62A838-55FE-4836-9A33-46292F177CC0}.Debug|Any CPU.Build.0 = Debug|Any CPU
		{4B62A838-55FE-4836-9A33-46292F177CC0}.Debug|Mixed Platforms.ActiveCfg = Debug|Any CPU
		{4B62A838-55FE-4836-9A33-46292F177CC0}.Debug|Mixed Platforms.Build.0 = Debug|Any CPU
		{4B62A838-55FE-4836-9A33-46292F177CC0}.Debug|x86.ActiveCfg = Debug|Any CPU
		{4B62A838-55FE-4836-9A33-46292F177CC0}.Release|Any CPU.ActiveCfg = Release|Any CPU
		{4B62A838-55FE-4836-9A33-46292F177CC0}.Release|Any CPU.Build.0 = Release|Any CPU
		{4B62A838-55FE-4836-9A33-46292F177CC0}.Release|Mixed Platforms.ActiveCfg = Release|Any CPU
		{4B62A838-55FE-4836-9A33-46292F177CC0}.Release|Mixed Platforms.Build.0 = Release|Any CPU
		{4B62A838-55FE-4836-9A33-46292F177CC0}.Release|x86.ActiveCfg = Release|Any CPU
		{4B62A838-55FE-4836-9A33-46292F177CC0}.SpiraTest|Any CPU.ActiveCfg = Release|Any CPU
		{4B62A838-55FE-4836-9A33-46292F177CC0}.SpiraTest|Any CPU.Build.0 = Release|Any CPU
		{4B62A838-55FE-4836-9A33-46292F177CC0}.SpiraTest|Mixed Platforms.ActiveCfg = Release|Any CPU
		{4B62A838-55FE-4836-9A33-46292F177CC0}.SpiraTest|Mixed Platforms.Build.0 = Release|Any CPU
		{4B62A838-55FE-4836-9A33-46292F177CC0}.SpiraTest|x86.ActiveCfg = Release|Any CPU
		{7DBC2ABE-5248-464E-856A-B652614AAFBB}.Debug|Any CPU.ActiveCfg = Debug|Any CPU
		{7DBC2ABE-5248-464E-856A-B652614AAFBB}.Debug|Any CPU.Build.0 = Debug|Any CPU
		{7DBC2ABE-5248-464E-856A-B652614AAFBB}.Debug|Mixed Platforms.ActiveCfg = Debug|Any CPU
		{7DBC2ABE-5248-464E-856A-B652614AAFBB}.Debug|Mixed Platforms.Build.0 = Debug|Any CPU
		{7DBC2ABE-5248-464E-856A-B652614AAFBB}.Debug|x86.ActiveCfg = Debug|Any CPU
		{7DBC2ABE-5248-464E-856A-B652614AAFBB}.Release|Any CPU.ActiveCfg = Release|Any CPU
		{7DBC2ABE-5248-464E-856A-B652614AAFBB}.Release|Any CPU.Build.0 = Release|Any CPU
		{7DBC2ABE-5248-464E-856A-B652614AAFBB}.Release|Mixed Platforms.ActiveCfg = Release|Any CPU
		{7DBC2ABE-5248-464E-856A-B652614AAFBB}.Release|Mixed Platforms.Build.0 = Release|Any CPU
		{7DBC2ABE-5248-464E-856A-B652614AAFBB}.Release|x86.ActiveCfg = Release|Any CPU
		{7DBC2ABE-5248-464E-856A-B652614AAFBB}.SpiraTest|Any CPU.ActiveCfg = Release|Any CPU
		{7DBC2ABE-5248-464E-856A-B652614AAFBB}.SpiraTest|Any CPU.Build.0 = Release|Any CPU
		{7DBC2ABE-5248-464E-856A-B652614AAFBB}.SpiraTest|Mixed Platforms.ActiveCfg = Release|Any CPU
		{7DBC2ABE-5248-464E-856A-B652614AAFBB}.SpiraTest|Mixed Platforms.Build.0 = Release|Any CPU
		{7DBC2ABE-5248-464E-856A-B652614AAFBB}.SpiraTest|x86.ActiveCfg = Release|Any CPU
		{5E0D7B1B-EC45-424E-B837-8923BA3FFC20}.Debug|Any CPU.ActiveCfg = Debug|Any CPU
		{5E0D7B1B-EC45-424E-B837-8923BA3FFC20}.Debug|Any CPU.Build.0 = Debug|Any CPU
		{5E0D7B1B-EC45-424E-B837-8923BA3FFC20}.Debug|Mixed Platforms.ActiveCfg = Debug|Any CPU
		{5E0D7B1B-EC45-424E-B837-8923BA3FFC20}.Debug|Mixed Platforms.Build.0 = Debug|Any CPU
		{5E0D7B1B-EC45-424E-B837-8923BA3FFC20}.Debug|x86.ActiveCfg = Debug|Any CPU
		{5E0D7B1B-EC45-424E-B837-8923BA3FFC20}.Release|Any CPU.ActiveCfg = Release|Any CPU
		{5E0D7B1B-EC45-424E-B837-8923BA3FFC20}.Release|Any CPU.Build.0 = Release|Any CPU
		{5E0D7B1B-EC45-424E-B837-8923BA3FFC20}.Release|Mixed Platforms.ActiveCfg = Release|Any CPU
		{5E0D7B1B-EC45-424E-B837-8923BA3FFC20}.Release|Mixed Platforms.Build.0 = Release|Any CPU
		{5E0D7B1B-EC45-424E-B837-8923BA3FFC20}.Release|x86.ActiveCfg = Release|Any CPU
		{5E0D7B1B-EC45-424E-B837-8923BA3FFC20}.SpiraTest|Any CPU.ActiveCfg = Release|Any CPU
		{5E0D7B1B-EC45-424E-B837-8923BA3FFC20}.SpiraTest|Any CPU.Build.0 = Release|Any CPU
		{5E0D7B1B-EC45-424E-B837-8923BA3FFC20}.SpiraTest|Mixed Platforms.ActiveCfg = Release|Any CPU
		{5E0D7B1B-EC45-424E-B837-8923BA3FFC20}.SpiraTest|Mixed Platforms.Build.0 = Release|Any CPU
		{5E0D7B1B-EC45-424E-B837-8923BA3FFC20}.SpiraTest|x86.ActiveCfg = Release|Any CPU
	EndGlobalSection
	GlobalSection(SolutionProperties) = preSolution
		HideSolutionNode = FALSE
	EndGlobalSection
EndGlobal
